<?xml version="1.0" encoding="UTF-8" standalone="yes" ?>
<CodeBlocks_project_file>
	<FileVersion major="1" minor="6" />
	<Project>
		<Option title="crypto" />
		<Option pch_mode="2" />
		<Option compiler="gcc" />
		<Build>
			<Target title="Debug">
				<Option output="bin/Debug/crypto" prefix_auto="1" extension_auto="1" />
				<Option object_output="obj/Debug/" />
				<Option type="1" />
				<Option compiler="gcc" />
				<Compiler>
					<Add option="-g" />
				</Compiler>
			</Target>
			<Target title="Release">
				<Option output="bin/Release/crypto" prefix_auto="1" extension_auto="1" />
				<Option object_output="obj/Release/" />
				<Option type="1" />
				<Option compiler="gcc" />
				<Compiler>
					<Add option="-O2" />
				</Compiler>
				<Linker>
					<Add option="-s" />
				</Linker>
				<ExtraCommands>
					<Add after="cp /home/server/dev/Encryptions/bin/Release/crypto /home/server/dev/Encryptions/Exec_Linux/crypto" />
					<Mode after="always" />
				</ExtraCommands>
			</Target>
		</Build>
		<Compiler>
			<Add option="-Wall" />
			<Add option="-fexceptions" />
		</Compiler>
		<ExtraCommands>
			<Add after="cp /home/server/dev/Encryptions/bin/Release/crypto /home/server/dev/Encryptions/Exec_Linux/crypto" />
			<Mode after="always" />
		</ExtraCommands>
		<Unit filename="AESa.cpp" />
		<Unit filename="AESa.h" />
		<Unit filename="Base64.cpp" />
		<Unit filename="Buffer.hpp" />
		<Unit filename="Encryptions/AES.cpp" />
		<Unit filename="Encryptions/AES.h" />
		<Unit filename="Encryptions/AES_Const.h" />
		<Unit filename="Encryptions/Blowfish.cpp" />
		<Unit filename="Encryptions/Blowfish.h" />
		<Unit filename="Encryptions/Blowfish_Const.h" />
		<Unit filename="Encryptions/CAST128.cpp" />
		<Unit filename="Encryptions/CAST128.h" />
		<Unit filename="Encryptions/CAST128_Const.h" />
		<Unit filename="Encryptions/CAST256.cpp" />
		<Unit filename="Encryptions/CAST256.h" />
		<Unit filename="Encryptions/CAST_Const.h" />
		<Unit filename="Encryptions/CMakeLists.txt" />
		<Unit filename="Encryptions/Camellia.cpp" />
		<Unit filename="Encryptions/Camellia.h" />
		<Unit filename="Encryptions/Camellia_Const.h" />
		<Unit filename="Encryptions/DES.cpp" />
		<Unit filename="Encryptions/DES.h" />
		<Unit filename="Encryptions/DESX.cpp" />
		<Unit filename="Encryptions/DESX.h" />
		<Unit filename="Encryptions/DES_Const.h" />
		<Unit filename="Encryptions/GOST.cpp" />
		<Unit filename="Encryptions/GOST.h" />
		<Unit filename="Encryptions/GOST_Const.h" />
		<Unit filename="Encryptions/IDEA.cpp" />
		<Unit filename="Encryptions/IDEA.h" />
		<Unit filename="Encryptions/MISTY1.cpp" />
		<Unit filename="Encryptions/MISTY1.h" />
		<Unit filename="Encryptions/MISTY1_Const.h" />
		<Unit filename="Encryptions/RC2.cpp" />
		<Unit filename="Encryptions/RC2.h" />
		<Unit filename="Encryptions/RC2_Const.h" />
		<Unit filename="Encryptions/RC4.cpp" />
		<Unit filename="Encryptions/RC4.h" />
		<Unit filename="Encryptions/RC5.cpp" />
		<Unit filename="Encryptions/RC5.h" />
		<Unit filename="Encryptions/RC6.cpp" />
		<Unit filename="Encryptions/RC6.h" />
		<Unit filename="Encryptions/RC_PQ.cpp" />
		<Unit filename="Encryptions/RC_PQ.h" />
		<Unit filename="Encryptions/SAFERK64.cpp" />
		<Unit filename="Encryptions/SAFERK64.h" />
		<Unit filename="Encryptions/SAFERK64_Const.h" />
		<Unit filename="Encryptions/SEED.cpp" />
		<Unit filename="Encryptions/SEED.h" />
		<Unit filename="Encryptions/SEED_Const.h" />
		<Unit filename="Encryptions/Skipjack.cpp" />
		<Unit filename="Encryptions/Skipjack.h" />
		<Unit filename="Encryptions/Skipjack_Const.h" />
		<Unit filename="Encryptions/SymAlg.cpp" />
		<Unit filename="Encryptions/SymAlg.h" />
		<Unit filename="Encryptions/TDES.cpp" />
		<Unit filename="Encryptions/TDES.h" />
		<Unit filename="Encryptions/TEA.cpp" />
		<Unit filename="Encryptions/TEA.h" />
		<Unit filename="Encryptions/Twofish.cpp" />
		<Unit filename="Encryptions/Twofish.h" />
		<Unit filename="Encryptions/Twofish_Const.h" />
		<Unit filename="Encryptions/XTEA.cpp" />
		<Unit filename="Encryptions/XTEA.h" />
		<Unit filename="SHA256.cpp" />
		<Unit filename="SHA256.h" />
		<Unit filename="common/CMakeLists.txt" />
		<Unit filename="common/cryptomath.h" />
		<Unit filename="common/includes.cpp" />
		<Unit filename="common/includes.h" />
		<Unit filename="crypto_batch.hpp" />
		<Unit filename="crypto_const.hpp" />
		<Unit filename="crypto_file.hpp" />
		<Unit filename="crypto_test.hpp" />
		<Unit filename="data.hpp" />
		<Unit filename="decryptor.hpp" />
		<Unit filename="encrypt.h" />
		<Unit filename="encryptor.hpp" />
		<Unit filename="ini_parser.hpp" />
		<Unit filename="main.cpp" />
		<Unit filename="puzzle.hpp" />
		<Unit filename="random_engine.hpp" />
		<Unit filename="vigenere.h" />
		<Extensions>
			<code_completion />
			<debugger />
		</Extensions>
	</Project>
</CodeBlocks_project_file>
