<?xml version="1.0" encoding="UTF-8" standalone="yes" ?>
<CodeBlocks_project_file>
	<FileVersion major="1" minor="6" />
	<Project>
		<Option title="crypto" />
		<Option pch_mode="2" />
		<Option compiler="gcc" />
		<Build>
			<Target title="Debug">
				<Option output="bin/Debug/crypto" prefix_auto="1" extension_auto="1" />
				<Option object_output="obj/Debug/" />
				<Option type="1" />
				<Option compiler="gcc" />
				<Compiler>
					<Add option="-g" />
				</Compiler>
			</Target>
			<Target title="Release">
				<Option output="bin/Release/crypto" prefix_auto="1" extension_auto="1" />
				<Option object_output="obj/Release/" />
				<Option type="1" />
				<Option compiler="gcc" />
				<Compiler>
					<Add option="-O2" />
				</Compiler>
				<Linker>
					<Add option="-s" />
				</Linker>
				<ExtraCommands>
					<Add after="cp /home/server/dev/Encryptions/bin/Release/crypto /home/server/dev/Encryptions/Exec_Linux/crypto" />
					<Mode after="always" />
				</ExtraCommands>
			</Target>
		</Build>
		<Compiler>
			<Add option="-Wall" />
			<Add option="-fexceptions" />
		</Compiler>
		<ExtraCommands>
			<Add after="cp /home/server/dev/Encryptions/bin/Release/crypto /home/server/dev/Encryptions/Exec_Linux/crypto" />
			<Mode after="always" />
		</ExtraCommands>
		<Unit filename="AESa.cpp" />
		<Unit filename="AESa.h" />
		<Unit filename="Base64.cpp" />
		<Unit filename="Buffer.hpp" />
		<Unit filename="SHA256.cpp" />
		<Unit filename="SHA256.h" />
		<Unit filename="common/cryptomath.h" />
		<Unit filename="common/includes.cpp" />
		<Unit filename="common/includes.h" />
		<Unit filename="crypto_batch.hpp" />
		<Unit filename="crypto_const.hpp" />
		<Unit filename="crypto_file.hpp" />
		<Unit filename="crypto_test.hpp" />
		<Unit filename="data.hpp" />
		<Unit filename="decryptor.hpp" />
		<Unit filename="encrypt.h" />
		<Unit filename="encryptor.hpp" />
		<Unit filename="ini_parser.hpp" />
		<Unit filename="main.cpp" />
		<Unit filename="puzzle.hpp" />
		<Unit filename="random_engine.hpp" />
		<Unit filename="vigenere.h" />
		<Extensions>
			<code_completion />
			<debugger />
		</Extensions>
	</Project>
</CodeBlocks_project_file>
