<?xml version="1.0" encoding="utf-8"?>
<Project ToolsVersion="4.0" xmlns="http://schemas.microsoft.com/developer/msbuild/2003">
  <ItemGroup>
    <Filter Include="Source Files">
      <UniqueIdentifier>{4FC737F1-C7A5-4376-A066-2A32D752A2FF}</UniqueIdentifier>
      <Extensions>cpp;c;cc;cxx;c++;cppm;ixx;def;odl;idl;hpj;bat;asm;asmx</Extensions>
    </Filter>
    <Filter Include="Header Files">
      <UniqueIdentifier>{93995380-89BD-4b04-88EB-625FBE52EBFB}</UniqueIdentifier>
      <Extensions>h;hh;hpp;hxx;h++;hm;inl;inc;ipp;xsd</Extensions>
    </Filter>
    <Filter Include="Resource Files">
      <UniqueIdentifier>{67DA6AB6-F800-4c08-8B7A-83BB121AAD01}</UniqueIdentifier>
      <Extensions>rc;ico;cur;bmp;dlg;rc2;rct;bin;rgs;gif;jpg;jpeg;jpe;resx;tiff;tif;png;wav;mfcribbon-ms</Extensions>
    </Filter>
  </ItemGroup>
  <ItemGroup>
    <ClInclude Include="..\..\argparse.hpp">
      <Filter>Source Files</Filter>
    </ClInclude>
    <ClInclude Include="..\..\Buffer.hpp">
      <Filter>Source Files</Filter>
    </ClInclude>
    <ClInclude Include="..\..\Encryptions.h">
      <Filter>Source Files</Filter>
    </ClInclude>
    <ClInclude Include="..\..\SHA256.h">
      <Filter>Source Files</Filter>
    </ClInclude>
    <ClInclude Include="..\..\common\cryptomath.h">
      <Filter>Source Files</Filter>
    </ClInclude>
    <ClInclude Include="..\..\common\includes.h">
      <Filter>Source Files</Filter>
    </ClInclude>
    <ClInclude Include="..\..\Encryptions\AES.h">
      <Filter>Source Files</Filter>
    </ClInclude>
    <ClInclude Include="..\..\Encryptions\AES_Const.h">
      <Filter>Source Files</Filter>
    </ClInclude>
    <ClInclude Include="..\..\Encryptions\Blowfish.h">
      <Filter>Source Files</Filter>
    </ClInclude>
    <ClInclude Include="..\..\Encryptions\Blowfish_Const.h">
      <Filter>Source Files</Filter>
    </ClInclude>
    <ClInclude Include="..\..\Encryptions\Camellia.h">
      <Filter>Source Files</Filter>
    </ClInclude>
    <ClInclude Include="..\..\Encryptions\Camellia_Const.h">
      <Filter>Source Files</Filter>
    </ClInclude>
    <ClInclude Include="..\..\Encryptions\CAST_Const.h">
      <Filter>Source Files</Filter>
    </ClInclude>
    <ClInclude Include="..\..\Encryptions\CAST128.h">
      <Filter>Source Files</Filter>
    </ClInclude>
    <ClInclude Include="..\..\Encryptions\CAST128_Const.h">
      <Filter>Source Files</Filter>
    </ClInclude>
    <ClInclude Include="..\..\Encryptions\CAST256.h">
      <Filter>Source Files</Filter>
    </ClInclude>
    <ClInclude Include="..\..\Encryptions\DES.h">
      <Filter>Source Files</Filter>
    </ClInclude>
    <ClInclude Include="..\..\Encryptions\DES_Const.h">
      <Filter>Source Files</Filter>
    </ClInclude>
    <ClInclude Include="..\..\Encryptions\DESX.h">
      <Filter>Source Files</Filter>
    </ClInclude>
    <ClInclude Include="..\..\Encryptions\GOST.h">
      <Filter>Source Files</Filter>
    </ClInclude>
    <ClInclude Include="..\..\Encryptions\GOST_Const.h">
      <Filter>Source Files</Filter>
    </ClInclude>
    <ClInclude Include="..\..\Encryptions\IDEA.h">
      <Filter>Source Files</Filter>
    </ClInclude>
    <ClInclude Include="..\..\Encryptions\MISTY1.h">
      <Filter>Source Files</Filter>
    </ClInclude>
    <ClInclude Include="..\..\Encryptions\MISTY1_Const.h">
      <Filter>Source Files</Filter>
    </ClInclude>
    <ClInclude Include="..\..\Encryptions\RC_PQ.h">
      <Filter>Source Files</Filter>
    </ClInclude>
    <ClInclude Include="..\..\Encryptions\RC2.h">
      <Filter>Source Files</Filter>
    </ClInclude>
    <ClInclude Include="..\..\Encryptions\RC2_Const.h">
      <Filter>Source Files</Filter>
    </ClInclude>
    <ClInclude Include="..\..\Encryptions\RC4.h">
      <Filter>Source Files</Filter>
    </ClInclude>
    <ClInclude Include="..\..\Encryptions\RC5.h">
      <Filter>Source Files</Filter>
    </ClInclude>
    <ClInclude Include="..\..\Encryptions\RC6.h">
      <Filter>Source Files</Filter>
    </ClInclude>
    <ClInclude Include="..\..\Encryptions\SAFERK64.h">
      <Filter>Source Files</Filter>
    </ClInclude>
    <ClInclude Include="..\..\Encryptions\SAFERK64_Const.h">
      <Filter>Source Files</Filter>
    </ClInclude>
    <ClInclude Include="..\..\Encryptions\SEED.h">
      <Filter>Source Files</Filter>
    </ClInclude>
    <ClInclude Include="..\..\Encryptions\SEED_Const.h">
      <Filter>Source Files</Filter>
    </ClInclude>
    <ClInclude Include="..\..\Encryptions\Skipjack.h">
      <Filter>Source Files</Filter>
    </ClInclude>
    <ClInclude Include="..\..\Encryptions\Skipjack_Const.h">
      <Filter>Source Files</Filter>
    </ClInclude>
    <ClInclude Include="..\..\Encryptions\SymAlg.h">
      <Filter>Source Files</Filter>
    </ClInclude>
    <ClInclude Include="..\..\Encryptions\TDES.h">
      <Filter>Source Files</Filter>
    </ClInclude>
    <ClInclude Include="..\..\Encryptions\TEA.h">
      <Filter>Source Files</Filter>
    </ClInclude>
    <ClInclude Include="..\..\Encryptions\Twofish.h">
      <Filter>Source Files</Filter>
    </ClInclude>
    <ClInclude Include="..\..\Encryptions\Twofish_Const.h">
      <Filter>Source Files</Filter>
    </ClInclude>
    <ClInclude Include="..\..\Encryptions\XTEA.h">
      <Filter>Source Files</Filter>
    </ClInclude>
    <ClInclude Include="..\..\modes\CBC.h">
      <Filter>Source Files</Filter>
    </ClInclude>
    <ClInclude Include="..\..\modes\CFB.h">
      <Filter>Source Files</Filter>
    </ClInclude>
    <ClInclude Include="..\..\modes\CTR.h">
      <Filter>Source Files</Filter>
    </ClInclude>
    <ClInclude Include="..\..\modes\ECB.h">
      <Filter>Source Files</Filter>
    </ClInclude>
    <ClInclude Include="..\..\modes\OFB.h">
      <Filter>Source Files</Filter>
    </ClInclude>
    <ClInclude Include="..\..\modes\PCPB.h">
      <Filter>Source Files</Filter>
    </ClInclude>
    <ClInclude Include="..\..\Base64.h">
      <Filter>Header Files</Filter>
    </ClInclude>
    <ClInclude Include="..\..\encrypt.h">
      <Filter>Header Files</Filter>
    </ClInclude>
    <ClInclude Include="..\..\vigenere.h">
      <Filter>Header Files</Filter>
    </ClInclude>
    <ClInclude Include="..\..\crypto_batch.hpp">
      <Filter>Header Files</Filter>
    </ClInclude>
    <ClInclude Include="..\..\crypto_test.hpp">
      <Filter>Header Files</Filter>
    </ClInclude>
  </ItemGroup>
  <ItemGroup>
    <ClCompile Include="..\..\main.cpp">
      <Filter>Source Files</Filter>
    </ClCompile>
    <ClCompile Include="..\..\SHA256.cpp">
      <Filter>Source Files</Filter>
    </ClCompile>
    <ClCompile Include="..\..\common\includes.cpp">
      <Filter>Source Files</Filter>
    </ClCompile>
    <ClCompile Include="..\..\Encryptions\AES.cpp">
      <Filter>Source Files</Filter>
    </ClCompile>
    <ClCompile Include="..\..\Encryptions\Blowfish.cpp">
      <Filter>Source Files</Filter>
    </ClCompile>
    <ClCompile Include="..\..\Encryptions\Camellia.cpp">
      <Filter>Source Files</Filter>
    </ClCompile>
    <ClCompile Include="..\..\Encryptions\CAST128.cpp">
      <Filter>Source Files</Filter>
    </ClCompile>
    <ClCompile Include="..\..\Encryptions\CAST256.cpp">
      <Filter>Source Files</Filter>
    </ClCompile>
    <ClCompile Include="..\..\Encryptions\DES.cpp">
      <Filter>Source Files</Filter>
    </ClCompile>
    <ClCompile Include="..\..\Encryptions\DESX.cpp">
      <Filter>Source Files</Filter>
    </ClCompile>
    <ClCompile Include="..\..\Encryptions\GOST.cpp">
      <Filter>Source Files</Filter>
    </ClCompile>
    <ClCompile Include="..\..\Encryptions\IDEA.cpp">
      <Filter>Source Files</Filter>
    </ClCompile>
    <ClCompile Include="..\..\Encryptions\MISTY1.cpp">
      <Filter>Source Files</Filter>
    </ClCompile>
    <ClCompile Include="..\..\Encryptions\RC_PQ.cpp">
      <Filter>Source Files</Filter>
    </ClCompile>
    <ClCompile Include="..\..\Encryptions\RC2.cpp">
      <Filter>Source Files</Filter>
    </ClCompile>
    <ClCompile Include="..\..\Encryptions\RC4.cpp">
      <Filter>Source Files</Filter>
    </ClCompile>
    <ClCompile Include="..\..\Encryptions\RC5.cpp">
      <Filter>Source Files</Filter>
    </ClCompile>
    <ClCompile Include="..\..\Encryptions\RC6.cpp">
      <Filter>Source Files</Filter>
    </ClCompile>
    <ClCompile Include="..\..\Encryptions\SAFERK64.cpp">
      <Filter>Source Files</Filter>
    </ClCompile>
    <ClCompile Include="..\..\Encryptions\SEED.cpp">
      <Filter>Source Files</Filter>
    </ClCompile>
    <ClCompile Include="..\..\Encryptions\Skipjack.cpp">
      <Filter>Source Files</Filter>
    </ClCompile>
    <ClCompile Include="..\..\Encryptions\SymAlg.cpp">
      <Filter>Source Files</Filter>
    </ClCompile>
    <ClCompile Include="..\..\Encryptions\TDES.cpp">
      <Filter>Source Files</Filter>
    </ClCompile>
    <ClCompile Include="..\..\Encryptions\TEA.cpp">
      <Filter>Source Files</Filter>
    </ClCompile>
    <ClCompile Include="..\..\Encryptions\Twofish.cpp">
      <Filter>Source Files</Filter>
    </ClCompile>
    <ClCompile Include="..\..\Encryptions\XTEA.cpp">
      <Filter>Source Files</Filter>
    </ClCompile>
    <ClCompile Include="..\..\modes\CBC.cpp">
      <Filter>Source Files</Filter>
    </ClCompile>
    <ClCompile Include="..\..\modes\CFB.cpp">
      <Filter>Source Files</Filter>
    </ClCompile>
    <ClCompile Include="..\..\modes\CTR.cpp">
      <Filter>Source Files</Filter>
    </ClCompile>
    <ClCompile Include="..\..\modes\ECB.cpp">
      <Filter>Source Files</Filter>
    </ClCompile>
    <ClCompile Include="..\..\modes\OFB.cpp">
      <Filter>Source Files</Filter>
    </ClCompile>
    <ClCompile Include="..\..\modes\PCPB.cpp">
      <Filter>Source Files</Filter>
    </ClCompile>
    <ClCompile Include="..\..\Base64.cpp">
      <Filter>Source Files</Filter>
    </ClCompile>
  </ItemGroup>
  <ItemGroup>
    <Text Include="..\..\Encryptions\CMakeLists.txt">
      <Filter>Source Files</Filter>
    </Text>
    <Text Include="..\..\modes\CMakeLists.txt">
      <Filter>Source Files</Filter>
    </Text>
  </ItemGroup>
</Project>