<?xml version="1.0" encoding="UTF-8" standalone="yes" ?>
<CodeBlocks_project_file>
	<FileVersion major="1" minor="6" />
	<Project>
		<Option title="qa" />
		<Option pch_mode="2" />
		<Option compiler="gcc" />
		<Build>
			<Target title="Debug">
				<Option output="../bin/Debug/qa" prefix_auto="1" extension_auto="1" />
				<Option object_output="obj/Debug/" />
				<Option type="1" />
				<Option compiler="gcc" />
				<Compiler>
					<Add option="-g" />
				</Compiler>
			</Target>
			<Target title="Release">
				<Option output="../bin/Release/qa" prefix_auto="1" extension_auto="1" />
				<Option object_output="obj/Release/" />
				<Option type="1" />
				<Option compiler="gcc" />
				<Compiler>
					<Add option="-O2" />
				</Compiler>
				<Linker>
					<Add option="-s" />
				</Linker>
				<ExtraCommands>
					<Add after="cp /home/server/dev/Encryptions/bin/Release/qa /home/server/dev/Encryptions/Exec_Linux/qa" />
					<Mode after="always" />
				</ExtraCommands>
			</Target>
		</Build>
		<Compiler>
			<Add option="-Wall" />
			<Add option="-fexceptions" />
		</Compiler>
		<Unit filename="../src/Base64.cpp" />
		<Unit filename="../src/Buffer.hpp" />
		<Unit filename="../src/SHA256.cpp" />
		<Unit filename="../src/crc32a.cpp" />
		<Unit filename="../src/crc32a.hpp" />
		<Unit filename="../src/crypto_const.hpp" />
		<Unit filename="../src/crypto_file.hpp" />
		<Unit filename="../src/crypto_parsing.hpp" />
		<Unit filename="../src/data.hpp" />
		<Unit filename="../src/qa/RSA-GMP/RSAGMP.cpp" />
		<Unit filename="../src/qa/RSA-GMP/RSAGMP.h" />
		<Unit filename="../src/qa/RSA-GMP/RSAGMPPrime.cpp" />
		<Unit filename="../src/qa/RSA-GMP/RSAGMPPrime.h" />
		<Unit filename="../src/qa/RSA-GMP/RSAGMPTest.cpp" />
		<Unit filename="../src/qa/RSA-GMP/RSAGMPTest.h" />
		<Unit filename="../src/qa/RSA-GMP/RSAGMPUtils.cpp" />
		<Unit filename="../src/qa/RSA-GMP/RSAGMPUtils.h" />
		<Unit filename="../src/qa/RSA-GMP/RSAGMPmainTest.cpp" />
		<Unit filename="../src/qa/RSA_generate/bigint/BigInteger.cc" />
		<Unit filename="../src/qa/RSA_generate/bigint/BigInteger.hh" />
		<Unit filename="../src/qa/RSA_generate/bigint/BigIntegerAlgorithms.cc" />
		<Unit filename="../src/qa/RSA_generate/bigint/BigIntegerAlgorithms.hh" />
		<Unit filename="../src/qa/RSA_generate/bigint/BigIntegerLibrary.hh" />
		<Unit filename="../src/qa/RSA_generate/bigint/BigIntegerUtils.cc" />
		<Unit filename="../src/qa/RSA_generate/bigint/BigIntegerUtils.hh" />
		<Unit filename="../src/qa/RSA_generate/bigint/BigUnsigned.cc" />
		<Unit filename="../src/qa/RSA_generate/bigint/BigUnsigned.hh" />
		<Unit filename="../src/qa/RSA_generate/bigint/BigUnsignedInABase.cc" />
		<Unit filename="../src/qa/RSA_generate/bigint/BigUnsignedInABase.hh" />
		<Unit filename="../src/qa/RSA_generate/bigint/Makefile" />
		<Unit filename="../src/qa/RSA_generate/bigint/NumberlikeArray.hh" />
		<Unit filename="../src/qa/SimpleECC/src/boolean.hpp" />
		<Unit filename="../src/qa/SimpleECC/src/ecc.cpp" />
		<Unit filename="../src/qa/SimpleECC/src/ecc.hpp" />
		<Unit filename="../src/qa/SimpleECC/src/helper.cpp" />
		<Unit filename="../src/qa/SimpleECC/src/helper.hpp" />
		<Unit filename="../src/qa/SimpleECC/src/j_point.cpp" />
		<Unit filename="../src/qa/SimpleECC/src/j_point.hpp" />
		<Unit filename="../src/qa/SimpleECC/src/point.cpp" />
		<Unit filename="../src/qa/SimpleECC/src/point.hpp" />
		<Unit filename="../src/qa/SimpleECC/src/simple_ecc_test.cpp" />
		<Unit filename="../src/qa/SimpleECC/src/test_simple_ecc.hpp" />
		<Unit filename="../src/qa/prime.h" />
		<Unit filename="../src/qa/qa.cpp" />
		<Unit filename="../src/qa/qa_internal.hpp" />
		<Unit filename="../src/qa/qa_internal_empty.hpp" />
		<Unit filename="../src/qa/uinteger_t.hh" />
		<Extensions>
			<code_completion />
			<debugger />
		</Extensions>
	</Project>
</CodeBlocks_project_file>
